
Microsoft Visual Studio Solution File, Format Version 12.00
# Visual Studio Version 16
VisualStudioVersion = 16.0.30717.126
MinimumVisualStudioVersion = 10.0.40219.1
Project("{FAE04EC0-301F-11D3-BF4B-00C04F79EFBC}") = "STLstackImple", "STLstackImple\STLstackImple.csproj", "{CEC64820-F61A-4631-970F-25B6F88336A1}"
EndProject
Global
	GlobalSection(SolutionConfigurationPlatforms) = preSolution
		Debug|Any CPU = Debug|Any CPU
		Release|Any CPU = Release|Any CPU
	EndGlobalSection
	GlobalSection(ProjectConfigurationPlatforms) = postSolution
		{CEC64820-F61A-4631-970F-25B6F88336A1}.Debug|Any CPU.ActiveCfg = Debug|Any CPU
		{CEC64820-F61A-4631-970F-25B6F88336A1}.Debug|Any CPU.Build.0 = Debug|Any CPU
		{CEC64820-F61A-4631-970F-25B6F88336A1}.Release|Any CPU.ActiveCfg = Release|Any CPU
		{CEC64820-F61A-4631-970F-25B6F88336A1}.Release|Any CPU.Build.0 = Release|Any CPU
	EndGlobalSection
	GlobalSection(SolutionProperties) = preSolution
		HideSolutionNode = FALSE
	EndGlobalSection
	GlobalSection(ExtensibilityGlobals) = postSolution
		SolutionGuid = {A0B7B73C-20EF-40E3-9877-0C5E50A79789}
	EndGlobalSection
EndGlobal
