
Microsoft Visual Studio Solution File, Format Version 12.00
# Visual Studio Version 16
VisualStudioVersion = 16.0.30717.126
MinimumVisualStudioVersion = 10.0.40219.1
Project("{FAE04EC0-301F-11D3-BF4B-00C04F79EFBC}") = "WpfApp1", "WpfApp1\WpfApp1.csproj", "{CE92C4AA-D218-4167-B994-A28B592C7E14}"
EndProject
Global
	GlobalSection(SolutionConfigurationPlatforms) = preSolution
		Debug|Any CPU = Debug|Any CPU
		Release|Any CPU = Release|Any CPU
	EndGlobalSection
	GlobalSection(ProjectConfigurationPlatforms) = postSolution
		{CE92C4AA-D218-4167-B994-A28B592C7E14}.Debug|Any CPU.ActiveCfg = Debug|Any CPU
		{CE92C4AA-D218-4167-B994-A28B592C7E14}.Debug|Any CPU.Build.0 = Debug|Any CPU
		{CE92C4AA-D218-4167-B994-A28B592C7E14}.Release|Any CPU.ActiveCfg = Release|Any CPU
		{CE92C4AA-D218-4167-B994-A28B592C7E14}.Release|Any CPU.Build.0 = Release|Any CPU
	EndGlobalSection
	GlobalSection(SolutionProperties) = preSolution
		HideSolutionNode = FALSE
	EndGlobalSection
	GlobalSection(ExtensibilityGlobals) = postSolution
		SolutionGuid = {97D8A101-32DB-49C6-8F52-575EE0220EA1}
	EndGlobalSection
EndGlobal
