
Microsoft Visual Studio Solution File, Format Version 12.00
# Visual Studio Version 16
VisualStudioVersion = 16.0.30717.126
MinimumVisualStudioVersion = 10.0.40219.1
Project("{FAE04EC0-301F-11D3-BF4B-00C04F79EFBC}") = "Assignment2", "Assignment2\Assignment2.csproj", "{DA74F685-7E5C-4CD6-A059-958B190290A4}"
EndProject
Global
	GlobalSection(SolutionConfigurationPlatforms) = preSolution
		Debug|Any CPU = Debug|Any CPU
		Release|Any CPU = Release|Any CPU
	EndGlobalSection
	GlobalSection(ProjectConfigurationPlatforms) = postSolution
		{DA74F685-7E5C-4CD6-A059-958B190290A4}.Debug|Any CPU.ActiveCfg = Debug|Any CPU
		{DA74F685-7E5C-4CD6-A059-958B190290A4}.Debug|Any CPU.Build.0 = Debug|Any CPU
		{DA74F685-7E5C-4CD6-A059-958B190290A4}.Release|Any CPU.ActiveCfg = Release|Any CPU
		{DA74F685-7E5C-4CD6-A059-958B190290A4}.Release|Any CPU.Build.0 = Release|Any CPU
	EndGlobalSection
	GlobalSection(SolutionProperties) = preSolution
		HideSolutionNode = FALSE
	EndGlobalSection
	GlobalSection(ExtensibilityGlobals) = postSolution
		SolutionGuid = {7476F269-A8E9-4CC2-A065-7F23ED8F80CF}
	EndGlobalSection
EndGlobal
