
Microsoft Visual Studio Solution File, Format Version 12.00
# Visual Studio Version 16
VisualStudioVersion = 16.0.30717.126
MinimumVisualStudioVersion = 10.0.40219.1
Project("{FAE04EC0-301F-11D3-BF4B-00C04F79EFBC}") = "Day3", "Day3\Day3.csproj", "{81C035B7-92A0-41F0-8830-7230E4104E23}"
EndProject
Global
	GlobalSection(SolutionConfigurationPlatforms) = preSolution
		Debug|Any CPU = Debug|Any CPU
		Release|Any CPU = Release|Any CPU
	EndGlobalSection
	GlobalSection(ProjectConfigurationPlatforms) = postSolution
		{81C035B7-92A0-41F0-8830-7230E4104E23}.Debug|Any CPU.ActiveCfg = Debug|Any CPU
		{81C035B7-92A0-41F0-8830-7230E4104E23}.Debug|Any CPU.Build.0 = Debug|Any CPU
		{81C035B7-92A0-41F0-8830-7230E4104E23}.Release|Any CPU.ActiveCfg = Release|Any CPU
		{81C035B7-92A0-41F0-8830-7230E4104E23}.Release|Any CPU.Build.0 = Release|Any CPU
	EndGlobalSection
	GlobalSection(SolutionProperties) = preSolution
		HideSolutionNode = FALSE
	EndGlobalSection
	GlobalSection(ExtensibilityGlobals) = postSolution
		SolutionGuid = {652B45C7-7F3C-4219-A596-748572C2B345}
	EndGlobalSection
EndGlobal
