
Microsoft Visual Studio Solution File, Format Version 12.00
# Visual Studio Version 16
VisualStudioVersion = 16.0.30717.126
MinimumVisualStudioVersion = 10.0.40219.1
Project("{FAE04EC0-301F-11D3-BF4B-00C04F79EFBC}") = "Assignment3", "Assignment3\Assignment3.csproj", "{241B85C9-C066-4D47-98DB-942B0140A135}"
EndProject
Global
	GlobalSection(SolutionConfigurationPlatforms) = preSolution
		Debug|Any CPU = Debug|Any CPU
		Release|Any CPU = Release|Any CPU
	EndGlobalSection
	GlobalSection(ProjectConfigurationPlatforms) = postSolution
		{241B85C9-C066-4D47-98DB-942B0140A135}.Debug|Any CPU.ActiveCfg = Debug|Any CPU
		{241B85C9-C066-4D47-98DB-942B0140A135}.Debug|Any CPU.Build.0 = Debug|Any CPU
		{241B85C9-C066-4D47-98DB-942B0140A135}.Release|Any CPU.ActiveCfg = Release|Any CPU
		{241B85C9-C066-4D47-98DB-942B0140A135}.Release|Any CPU.Build.0 = Release|Any CPU
	EndGlobalSection
	GlobalSection(SolutionProperties) = preSolution
		HideSolutionNode = FALSE
	EndGlobalSection
	GlobalSection(ExtensibilityGlobals) = postSolution
		SolutionGuid = {88BF0ABD-74EC-44D0-9FCC-2E186B8B85CD}
	EndGlobalSection
EndGlobal
