
Microsoft Visual Studio Solution File, Format Version 12.00
# Visual Studio Version 16
VisualStudioVersion = 16.0.30717.126
MinimumVisualStudioVersion = 10.0.40219.1
Project("{FAE04EC0-301F-11D3-BF4B-00C04F79EFBC}") = "Day6", "Day6\Day6.csproj", "{A22D00A2-40E3-4CC7-9B7D-F8C75E7D828F}"
EndProject
Global
	GlobalSection(SolutionConfigurationPlatforms) = preSolution
		Debug|Any CPU = Debug|Any CPU
		Release|Any CPU = Release|Any CPU
	EndGlobalSection
	GlobalSection(ProjectConfigurationPlatforms) = postSolution
		{A22D00A2-40E3-4CC7-9B7D-F8C75E7D828F}.Debug|Any CPU.ActiveCfg = Debug|Any CPU
		{A22D00A2-40E3-4CC7-9B7D-F8C75E7D828F}.Debug|Any CPU.Build.0 = Debug|Any CPU
		{A22D00A2-40E3-4CC7-9B7D-F8C75E7D828F}.Release|Any CPU.ActiveCfg = Release|Any CPU
		{A22D00A2-40E3-4CC7-9B7D-F8C75E7D828F}.Release|Any CPU.Build.0 = Release|Any CPU
	EndGlobalSection
	GlobalSection(SolutionProperties) = preSolution
		HideSolutionNode = FALSE
	EndGlobalSection
	GlobalSection(ExtensibilityGlobals) = postSolution
		SolutionGuid = {DE5348FC-21BE-4322-AE7A-7741DE18E717}
	EndGlobalSection
EndGlobal
