
Microsoft Visual Studio Solution File, Format Version 12.00
# Visual Studio Version 16
VisualStudioVersion = 16.0.30717.126
MinimumVisualStudioVersion = 10.0.40219.1
Project("{FAE04EC0-301F-11D3-BF4B-00C04F79EFBC}") = "Assignment5", "Assignment5\Assignment5.csproj", "{71C83DBE-C78C-45F2-BCF4-8899C2A80BD5}"
EndProject
Global
	GlobalSection(SolutionConfigurationPlatforms) = preSolution
		Debug|Any CPU = Debug|Any CPU
		Release|Any CPU = Release|Any CPU
	EndGlobalSection
	GlobalSection(ProjectConfigurationPlatforms) = postSolution
		{71C83DBE-C78C-45F2-BCF4-8899C2A80BD5}.Debug|Any CPU.ActiveCfg = Debug|Any CPU
		{71C83DBE-C78C-45F2-BCF4-8899C2A80BD5}.Debug|Any CPU.Build.0 = Debug|Any CPU
		{71C83DBE-C78C-45F2-BCF4-8899C2A80BD5}.Release|Any CPU.ActiveCfg = Release|Any CPU
		{71C83DBE-C78C-45F2-BCF4-8899C2A80BD5}.Release|Any CPU.Build.0 = Release|Any CPU
	EndGlobalSection
	GlobalSection(SolutionProperties) = preSolution
		HideSolutionNode = FALSE
	EndGlobalSection
	GlobalSection(ExtensibilityGlobals) = postSolution
		SolutionGuid = {D55DBED7-8B8A-475D-83CC-7E234173F9F5}
	EndGlobalSection
EndGlobal
