
Microsoft Visual Studio Solution File, Format Version 12.00
# Visual Studio Version 16
VisualStudioVersion = 16.0.30717.126
MinimumVisualStudioVersion = 10.0.40219.1
Project("{FAE04EC0-301F-11D3-BF4B-00C04F79EFBC}") = "Assignment1", "Assignment1\Assignment1.csproj", "{7495FAB5-D688-47A8-BB12-C6D8F8894A0B}"
EndProject
Global
	GlobalSection(SolutionConfigurationPlatforms) = preSolution
		Debug|Any CPU = Debug|Any CPU
		Release|Any CPU = Release|Any CPU
	EndGlobalSection
	GlobalSection(ProjectConfigurationPlatforms) = postSolution
		{7495FAB5-D688-47A8-BB12-C6D8F8894A0B}.Debug|Any CPU.ActiveCfg = Debug|Any CPU
		{7495FAB5-D688-47A8-BB12-C6D8F8894A0B}.Debug|Any CPU.Build.0 = Debug|Any CPU
		{7495FAB5-D688-47A8-BB12-C6D8F8894A0B}.Release|Any CPU.ActiveCfg = Release|Any CPU
		{7495FAB5-D688-47A8-BB12-C6D8F8894A0B}.Release|Any CPU.Build.0 = Release|Any CPU
	EndGlobalSection
	GlobalSection(SolutionProperties) = preSolution
		HideSolutionNode = FALSE
	EndGlobalSection
	GlobalSection(ExtensibilityGlobals) = postSolution
		SolutionGuid = {A528CF15-D4C9-4E91-92AC-5F0CC8CA9F7C}
	EndGlobalSection
EndGlobal
