
Microsoft Visual Studio Solution File, Format Version 12.00
# Visual Studio Version 16
VisualStudioVersion = 16.0.30717.126
MinimumVisualStudioVersion = 10.0.40219.1
Project("{FAE04EC0-301F-11D3-BF4B-00C04F79EFBC}") = "CRUDopt", "CRUDopt\CRUDopt.csproj", "{1390F9FD-08B3-4144-805D-4671D1EE6D5A}"
EndProject
Global
	GlobalSection(SolutionConfigurationPlatforms) = preSolution
		Debug|Any CPU = Debug|Any CPU
		Release|Any CPU = Release|Any CPU
	EndGlobalSection
	GlobalSection(ProjectConfigurationPlatforms) = postSolution
		{1390F9FD-08B3-4144-805D-4671D1EE6D5A}.Debug|Any CPU.ActiveCfg = Debug|Any CPU
		{1390F9FD-08B3-4144-805D-4671D1EE6D5A}.Debug|Any CPU.Build.0 = Debug|Any CPU
		{1390F9FD-08B3-4144-805D-4671D1EE6D5A}.Release|Any CPU.ActiveCfg = Release|Any CPU
		{1390F9FD-08B3-4144-805D-4671D1EE6D5A}.Release|Any CPU.Build.0 = Release|Any CPU
	EndGlobalSection
	GlobalSection(SolutionProperties) = preSolution
		HideSolutionNode = FALSE
	EndGlobalSection
	GlobalSection(ExtensibilityGlobals) = postSolution
		SolutionGuid = {BDDA1440-B45A-4582-B2AF-D096D0AAA0B5}
	EndGlobalSection
EndGlobal
